
Microsoft Visual Studio Solution File, Format Version 12.00
# Visual Studio Version 17
VisualStudioVersion = 17.3.32825.248
MinimumVisualStudioVersion = 10.0.40219.1
Project("{9A19103F-16F7-4668-BE54-9A1E7A4F7556}") = "Borigran.OneData.Platform", "Borigran.OneData.Platform\Borigran.OneData.Platform.csproj", "{5574851A-4016-4D0F-9433-DB12521C1B88}"
EndProject
Project("{9A19103F-16F7-4668-BE54-9A1E7A4F7556}") = "Borigran.OneData.Domain", "Borigran.OneData.Domain\Borigran.OneData.Domain.csproj", "{14E7E300-BA6A-4A2A-A0EB-BF8649E04B75}"
EndProject
Project("{9A19103F-16F7-4668-BE54-9A1E7A4F7556}") = "Borigran.OneData.Domain.NHibernate", "Borigran.OneData.Domain.NHibernate\Borigran.OneData.Domain.NHibernate.csproj", "{5B2DFC06-C2A2-4FE1-B90B-EA675F86B21A}"
EndProject
Project("{9A19103F-16F7-4668-BE54-9A1E7A4F7556}") = "Borigran.OneData.Authorization", "Borigran.OneData.Authorization\Borigran.OneData.Authorization.csproj", "{3A109806-8DBF-4239-BEBA-17DA8710A49F}"
EndProject
Project("{9A19103F-16F7-4668-BE54-9A1E7A4F7556}") = "Borigran.OneData.Platform.Tests", "Borigran.OneData.Platform.Tests\Borigran.OneData.Platform.Tests.csproj", "{A0BFEF2B-8536-40D2-95C3-316BB95A8276}"
EndProject
Project("{2150E333-8FDC-42A3-9474-1A3956D46DE8}") = "Tests", "Tests", "{A3DEF863-595D-47B7-B710-758637C92D5D}"
EndProject
Project("{2150E333-8FDC-42A3-9474-1A3956D46DE8}") = "Projects", "Projects", "{6B46D8A7-6CB2-4ADB-B94C-776631FB1321}"
EndProject
Project("{9A19103F-16F7-4668-BE54-9A1E7A4F7556}") = "Borigran.OneData.WebApi", "Borigran.OneData.WebApi\Borigran.OneData.WebApi.csproj", "{6A918015-CCC7-4A57-B53C-51D067ABCC2C}"
EndProject
Project("{9A19103F-16F7-4668-BE54-9A1E7A4F7556}") = "Borigran.OneData.Authorization.Tests", "Borigran.OneData.Authorization.Tests\Borigran.OneData.Authorization.Tests.csproj", "{B0CDA600-B911-49B4-B2A9-F6FE277B5F4A}"
EndProject
Project("{9A19103F-16F7-4668-BE54-9A1E7A4F7556}") = "Borigran.OneData.WebApi.Tests", "Borigran.OneData.WebApi.Tests\Borigran.OneData.WebApi.Tests.csproj", "{7381BF1E-FB30-4135-AF3B-5035A0B7260A}"
EndProject
Project("{54A90642-561A-4BB1-A94E-469ADEE60C69}") = "onedata.webclient", "..\Frontend\OneData.WebClient\onedata.webclient.esproj", "{3E4D941E-4BFF-4E43-A048-06983F31B5B2}"
EndProject
Project("{FAE04EC0-301F-11D3-BF4B-00C04F79EFBC}") = "Borigran.OneData.Tools", "Borigran.OneData.Tools\Borigran.OneData.Tools.csproj", "{9E010E4B-6E65-4603-83DF-477B0FD681E6}"
EndProject
Global
	GlobalSection(SolutionConfigurationPlatforms) = preSolution
		Debug|Any CPU = Debug|Any CPU
		Release|Any CPU = Release|Any CPU
	EndGlobalSection
	GlobalSection(ProjectConfigurationPlatforms) = postSolution
		{5574851A-4016-4D0F-9433-DB12521C1B88}.Debug|Any CPU.ActiveCfg = Debug|Any CPU
		{5574851A-4016-4D0F-9433-DB12521C1B88}.Debug|Any CPU.Build.0 = Debug|Any CPU
		{5574851A-4016-4D0F-9433-DB12521C1B88}.Release|Any CPU.ActiveCfg = Release|Any CPU
		{5574851A-4016-4D0F-9433-DB12521C1B88}.Release|Any CPU.Build.0 = Release|Any CPU
		{14E7E300-BA6A-4A2A-A0EB-BF8649E04B75}.Debug|Any CPU.ActiveCfg = Debug|Any CPU
		{14E7E300-BA6A-4A2A-A0EB-BF8649E04B75}.Debug|Any CPU.Build.0 = Debug|Any CPU
		{14E7E300-BA6A-4A2A-A0EB-BF8649E04B75}.Release|Any CPU.ActiveCfg = Release|Any CPU
		{14E7E300-BA6A-4A2A-A0EB-BF8649E04B75}.Release|Any CPU.Build.0 = Release|Any CPU
		{5B2DFC06-C2A2-4FE1-B90B-EA675F86B21A}.Debug|Any CPU.ActiveCfg = Debug|Any CPU
		{5B2DFC06-C2A2-4FE1-B90B-EA675F86B21A}.Debug|Any CPU.Build.0 = Debug|Any CPU
		{5B2DFC06-C2A2-4FE1-B90B-EA675F86B21A}.Release|Any CPU.ActiveCfg = Release|Any CPU
		{5B2DFC06-C2A2-4FE1-B90B-EA675F86B21A}.Release|Any CPU.Build.0 = Release|Any CPU
		{3A109806-8DBF-4239-BEBA-17DA8710A49F}.Debug|Any CPU.ActiveCfg = Debug|Any CPU
		{3A109806-8DBF-4239-BEBA-17DA8710A49F}.Debug|Any CPU.Build.0 = Debug|Any CPU
		{3A109806-8DBF-4239-BEBA-17DA8710A49F}.Release|Any CPU.ActiveCfg = Release|Any CPU
		{3A109806-8DBF-4239-BEBA-17DA8710A49F}.Release|Any CPU.Build.0 = Release|Any CPU
		{A0BFEF2B-8536-40D2-95C3-316BB95A8276}.Debug|Any CPU.ActiveCfg = Debug|Any CPU
		{A0BFEF2B-8536-40D2-95C3-316BB95A8276}.Debug|Any CPU.Build.0 = Debug|Any CPU
		{A0BFEF2B-8536-40D2-95C3-316BB95A8276}.Release|Any CPU.ActiveCfg = Release|Any CPU
		{A0BFEF2B-8536-40D2-95C3-316BB95A8276}.Release|Any CPU.Build.0 = Release|Any CPU
		{6A918015-CCC7-4A57-B53C-51D067ABCC2C}.Debug|Any CPU.ActiveCfg = Debug|Any CPU
		{6A918015-CCC7-4A57-B53C-51D067ABCC2C}.Debug|Any CPU.Build.0 = Debug|Any CPU
		{6A918015-CCC7-4A57-B53C-51D067ABCC2C}.Release|Any CPU.ActiveCfg = Release|Any CPU
		{6A918015-CCC7-4A57-B53C-51D067ABCC2C}.Release|Any CPU.Build.0 = Release|Any CPU
		{B0CDA600-B911-49B4-B2A9-F6FE277B5F4A}.Debug|Any CPU.ActiveCfg = Debug|Any CPU
		{B0CDA600-B911-49B4-B2A9-F6FE277B5F4A}.Debug|Any CPU.Build.0 = Debug|Any CPU
		{B0CDA600-B911-49B4-B2A9-F6FE277B5F4A}.Release|Any CPU.ActiveCfg = Release|Any CPU
		{B0CDA600-B911-49B4-B2A9-F6FE277B5F4A}.Release|Any CPU.Build.0 = Release|Any CPU
		{7381BF1E-FB30-4135-AF3B-5035A0B7260A}.Debug|Any CPU.ActiveCfg = Debug|Any CPU
		{7381BF1E-FB30-4135-AF3B-5035A0B7260A}.Debug|Any CPU.Build.0 = Debug|Any CPU
		{7381BF1E-FB30-4135-AF3B-5035A0B7260A}.Release|Any CPU.ActiveCfg = Release|Any CPU
		{7381BF1E-FB30-4135-AF3B-5035A0B7260A}.Release|Any CPU.Build.0 = Release|Any CPU
		{3E4D941E-4BFF-4E43-A048-06983F31B5B2}.Debug|Any CPU.ActiveCfg = Debug|Any CPU
		{3E4D941E-4BFF-4E43-A048-06983F31B5B2}.Debug|Any CPU.Build.0 = Debug|Any CPU
		{3E4D941E-4BFF-4E43-A048-06983F31B5B2}.Debug|Any CPU.Deploy.0 = Debug|Any CPU
		{3E4D941E-4BFF-4E43-A048-06983F31B5B2}.Release|Any CPU.ActiveCfg = Release|Any CPU
		{3E4D941E-4BFF-4E43-A048-06983F31B5B2}.Release|Any CPU.Build.0 = Release|Any CPU
		{3E4D941E-4BFF-4E43-A048-06983F31B5B2}.Release|Any CPU.Deploy.0 = Release|Any CPU
		{9E010E4B-6E65-4603-83DF-477B0FD681E6}.Debug|Any CPU.ActiveCfg = Debug|Any CPU
		{9E010E4B-6E65-4603-83DF-477B0FD681E6}.Debug|Any CPU.Build.0 = Debug|Any CPU
		{9E010E4B-6E65-4603-83DF-477B0FD681E6}.Release|Any CPU.ActiveCfg = Release|Any CPU
		{9E010E4B-6E65-4603-83DF-477B0FD681E6}.Release|Any CPU.Build.0 = Release|Any CPU
	EndGlobalSection
	GlobalSection(SolutionProperties) = preSolution
		HideSolutionNode = FALSE
	EndGlobalSection
	GlobalSection(NestedProjects) = preSolution
		{5574851A-4016-4D0F-9433-DB12521C1B88} = {6B46D8A7-6CB2-4ADB-B94C-776631FB1321}
		{14E7E300-BA6A-4A2A-A0EB-BF8649E04B75} = {6B46D8A7-6CB2-4ADB-B94C-776631FB1321}
		{5B2DFC06-C2A2-4FE1-B90B-EA675F86B21A} = {6B46D8A7-6CB2-4ADB-B94C-776631FB1321}
		{3A109806-8DBF-4239-BEBA-17DA8710A49F} = {6B46D8A7-6CB2-4ADB-B94C-776631FB1321}
		{A0BFEF2B-8536-40D2-95C3-316BB95A8276} = {A3DEF863-595D-47B7-B710-758637C92D5D}
		{6A918015-CCC7-4A57-B53C-51D067ABCC2C} = {6B46D8A7-6CB2-4ADB-B94C-776631FB1321}
		{B0CDA600-B911-49B4-B2A9-F6FE277B5F4A} = {A3DEF863-595D-47B7-B710-758637C92D5D}
		{7381BF1E-FB30-4135-AF3B-5035A0B7260A} = {A3DEF863-595D-47B7-B710-758637C92D5D}
		{3E4D941E-4BFF-4E43-A048-06983F31B5B2} = {6B46D8A7-6CB2-4ADB-B94C-776631FB1321}
		{9E010E4B-6E65-4603-83DF-477B0FD681E6} = {6B46D8A7-6CB2-4ADB-B94C-776631FB1321}
	EndGlobalSection
	GlobalSection(ExtensibilityGlobals) = postSolution
		SolutionGuid = {B71BDE6B-EEDF-4232-970A-305F73662FE7}
	EndGlobalSection
EndGlobal
