
Microsoft Visual Studio Solution File, Format Version 12.00
# Visual Studio Version 16
VisualStudioVersion = 16.0.32228.343
MinimumVisualStudioVersion = 10.0.40219.1
Project("{9A19103F-16F7-4668-BE54-9A1E7A4F7556}") = "Borigran.OneData.WebClient", "Borigran.OneData.WebClient\Borigran.OneData.WebClient.csproj", "{BD0D1860-5ADC-48C2-ADFE-0417F0F09EFF}"
EndProject
Project("{FAE04EC0-301F-11D3-BF4B-00C04F79EFBC}") = "Borigran.OneData.Platform", "Borigran.OneData.Platform\Borigran.OneData.Platform.csproj", "{5574851A-4016-4D0F-9433-DB12521C1B88}"
EndProject
Global
	GlobalSection(SolutionConfigurationPlatforms) = preSolution
		Debug|Any CPU = Debug|Any CPU
		Release|Any CPU = Release|Any CPU
	EndGlobalSection
	GlobalSection(ProjectConfigurationPlatforms) = postSolution
		{BD0D1860-5ADC-48C2-ADFE-0417F0F09EFF}.Debug|Any CPU.ActiveCfg = Debug|Any CPU
		{BD0D1860-5ADC-48C2-ADFE-0417F0F09EFF}.Debug|Any CPU.Build.0 = Debug|Any CPU
		{BD0D1860-5ADC-48C2-ADFE-0417F0F09EFF}.Release|Any CPU.ActiveCfg = Release|Any CPU
		{BD0D1860-5ADC-48C2-ADFE-0417F0F09EFF}.Release|Any CPU.Build.0 = Release|Any CPU
		{5574851A-4016-4D0F-9433-DB12521C1B88}.Debug|Any CPU.ActiveCfg = Debug|Any CPU
		{5574851A-4016-4D0F-9433-DB12521C1B88}.Debug|Any CPU.Build.0 = Debug|Any CPU
		{5574851A-4016-4D0F-9433-DB12521C1B88}.Release|Any CPU.ActiveCfg = Release|Any CPU
		{5574851A-4016-4D0F-9433-DB12521C1B88}.Release|Any CPU.Build.0 = Release|Any CPU
	EndGlobalSection
	GlobalSection(SolutionProperties) = preSolution
		HideSolutionNode = FALSE
	EndGlobalSection
	GlobalSection(ExtensibilityGlobals) = postSolution
		SolutionGuid = {B71BDE6B-EEDF-4232-970A-305F73662FE7}
	EndGlobalSection
EndGlobal
